
Microsoft Visual Studio Solution File, Format Version 12.00
# Visual Studio Version 17
VisualStudioVersion = 17.5.002.0
MinimumVisualStudioVersion = 10.0.40219.1
Project("{9A19103F-16F7-4668-BE54-9A1E7A4F7556}") = "CSharp.Nixill", "CSharp.Nixill\CSharp.Nixill.csproj", "{929E5CE5-567E-4078-8F18-8E523E11E422}"
EndProject
Project("{9A19103F-16F7-4668-BE54-9A1E7A4F7556}") = "CSharp.Nixill.Test", "CSharp.Nixill.Test\CSharp.Nixill.Test.csproj", "{58DDA0C2-0B56-4B3F-B4C1-43598267CB75}"
EndProject
Global
	GlobalSection(SolutionConfigurationPlatforms) = preSolution
		Debug|Any CPU = Debug|Any CPU
		Release|Any CPU = Release|Any CPU
	EndGlobalSection
	GlobalSection(ProjectConfigurationPlatforms) = postSolution
		{929E5CE5-567E-4078-8F18-8E523E11E422}.Debug|Any CPU.ActiveCfg = Debug|Any CPU
		{929E5CE5-567E-4078-8F18-8E523E11E422}.Debug|Any CPU.Build.0 = Debug|Any CPU
		{929E5CE5-567E-4078-8F18-8E523E11E422}.Release|Any CPU.ActiveCfg = Release|Any CPU
		{929E5CE5-567E-4078-8F18-8E523E11E422}.Release|Any CPU.Build.0 = Release|Any CPU
		{58DDA0C2-0B56-4B3F-B4C1-43598267CB75}.Debug|Any CPU.ActiveCfg = Debug|Any CPU
		{58DDA0C2-0B56-4B3F-B4C1-43598267CB75}.Debug|Any CPU.Build.0 = Debug|Any CPU
		{58DDA0C2-0B56-4B3F-B4C1-43598267CB75}.Release|Any CPU.ActiveCfg = Release|Any CPU
		{58DDA0C2-0B56-4B3F-B4C1-43598267CB75}.Release|Any CPU.Build.0 = Release|Any CPU
	EndGlobalSection
	GlobalSection(SolutionProperties) = preSolution
		HideSolutionNode = FALSE
	EndGlobalSection
	GlobalSection(ExtensibilityGlobals) = postSolution
		SolutionGuid = {FA241D46-32ED-44D1-8952-8C09CE20F54A}
	EndGlobalSection
EndGlobal
